
Microsoft Visual Studio Solution File, Format Version 12.00
# Visual Studio Version 17
VisualStudioVersion = 17.5.33424.131
MinimumVisualStudioVersion = 10.0.40219.1
Project("{FAE04EC0-301F-11D3-BF4B-00C04F79EFBC}") = "CalculadoraDeJurosCompostos", "CalculadoraDeJurosCompostos.csproj", "{7970C3BE-AAB7-4F77-BBBA-26D81C4DB818}"
EndProject
Global
	GlobalSection(SolutionConfigurationPlatforms) = preSolution
		Debug|Any CPU = Debug|Any CPU
		Release|Any CPU = Release|Any CPU
	EndGlobalSection
	GlobalSection(ProjectConfigurationPlatforms) = postSolution
		{7970C3BE-AAB7-4F77-BBBA-26D81C4DB818}.Debug|Any CPU.ActiveCfg = Debug|Any CPU
		{7970C3BE-AAB7-4F77-BBBA-26D81C4DB818}.Debug|Any CPU.Build.0 = Debug|Any CPU
		{7970C3BE-AAB7-4F77-BBBA-26D81C4DB818}.Release|Any CPU.ActiveCfg = Release|Any CPU
		{7970C3BE-AAB7-4F77-BBBA-26D81C4DB818}.Release|Any CPU.Build.0 = Release|Any CPU
	EndGlobalSection
	GlobalSection(SolutionProperties) = preSolution
		HideSolutionNode = FALSE
	EndGlobalSection
	GlobalSection(ExtensibilityGlobals) = postSolution
		SolutionGuid = {79E05693-9487-4136-87F6-4A32E5DE30B3}
	EndGlobalSection
EndGlobal
